// !$*UTF8*$!
{
	archiveVersion = 1;
	classes = {
	};
	objectVersion = 48;
	objects = {

/* Begin PBXBuildFile section */
		3FB87274BC45E68D40FA1E2B /* Pods_CoinMarket.framework in Frameworks */ = {isa = PBXBuildFile; fileRef = 93A85DE5EDF9934961A89004 /* Pods_CoinMarket.framework */; };
		76612E181FD835D8002D1D8E /* AppDelegate.swift in Sources */ = {isa = PBXBuildFile; fileRef = 76612E171FD835D8002D1D8E /* AppDelegate.swift */; };
		76612E1A1FD835D8002D1D8E /* ViewController.swift in Sources */ = {isa = PBXBuildFile; fileRef = 76612E191FD835D8002D1D8E /* ViewController.swift */; };
		76612E1D1FD835D8002D1D8E /* Main.storyboard in Resources */ = {isa = PBXBuildFile; fileRef = 76612E1B1FD835D8002D1D8E /* Main.storyboard */; };
		76612E201FD835D8002D1D8E /* CoinMarket.xcdatamodeld in Sources */ = {isa = PBXBuildFile; fileRef = 76612E1E1FD835D8002D1D8E /* CoinMarket.xcdatamodeld */; };
		76612E221FD835D8002D1D8E /* Assets.xcassets in Resources */ = {isa = PBXBuildFile; fileRef = 76612E211FD835D8002D1D8E /* Assets.xcassets */; };
		76612E251FD835D8002D1D8E /* LaunchScreen.storyboard in Resources */ = {isa = PBXBuildFile; fileRef = 76612E231FD835D8002D1D8E /* LaunchScreen.storyboard */; };
		76612E331FD9484B002D1D8E /* MainViewController.swift in Sources */ = {isa = PBXBuildFile; fileRef = 76612E321FD9484B002D1D8E /* MainViewController.swift */; };
		76612E361FD94891002D1D8E /* Constants.swift in Sources */ = {isa = PBXBuildFile; fileRef = 76612E351FD94891002D1D8E /* Constants.swift */; };
		76612E371FD948FC002D1D8E /* HttpRequester.swift in Sources */ = {isa = PBXBuildFile; fileRef = 76612E311FD945B7002D1D8E /* HttpRequester.swift */; };
		76612E391FD94A72002D1D8E /* CurrencyModel.swift in Sources */ = {isa = PBXBuildFile; fileRef = 76612E381FD94A72002D1D8E /* CurrencyModel.swift */; };
		76612E3C1FD95405002D1D8E /* CurrencyTableViewCell.swift in Sources */ = {isa = PBXBuildFile; fileRef = 76612E3A1FD95405002D1D8E /* CurrencyTableViewCell.swift */; };
		76612E3D1FD95405002D1D8E /* CurrencyTableViewCell.xib in Resources */ = {isa = PBXBuildFile; fileRef = 76612E3B1FD95405002D1D8E /* CurrencyTableViewCell.xib */; };
		76612E3F1FD9575B002D1D8E /* AddToFavouritesButton.swift in Sources */ = {isa = PBXBuildFile; fileRef = 76612E3E1FD9575B002D1D8E /* AddToFavouritesButton.swift */; };
		76612E421FD95C91002D1D8E /* UIViewControllerExtension.swift in Sources */ = {isa = PBXBuildFile; fileRef = 76612E411FD95C73002D1D8E /* UIViewControllerExtension.swift */; };
		76612E451FD95D41002D1D8E /* CurrencyService.swift in Sources */ = {isa = PBXBuildFile; fileRef = 76612E441FD95D41002D1D8E /* CurrencyService.swift */; };
		766F037B1FDB2F6300C87206 /* CoreDataService.swift in Sources */ = {isa = PBXBuildFile; fileRef = 766F037A1FDB2F6300C87206 /* CoreDataService.swift */; };
		766F037D1FDB5E9B00C87206 /* FavouritesViewController.swift in Sources */ = {isa = PBXBuildFile; fileRef = 766F037C1FDB5E9B00C87206 /* FavouritesViewController.swift */; };
		766F03801FDB605900C87206 /* FavouritesTableViewCell.swift in Sources */ = {isa = PBXBuildFile; fileRef = 766F037E1FDB605900C87206 /* FavouritesTableViewCell.swift */; };
		766F03811FDB605900C87206 /* FavouritesTableViewCell.xib in Resources */ = {isa = PBXBuildFile; fileRef = 766F037F1FDB605900C87206 /* FavouritesTableViewCell.xib */; };
		766F03831FDD69F300C87206 /* AddQuantityForCurrencyViewController.swift in Sources */ = {isa = PBXBuildFile; fileRef = 766F03821FDD69F300C87206 /* AddQuantityForCurrencyViewController.swift */; };
/* End PBXBuildFile section */

/* Begin PBXFileReference section */
		3D7C544D9F6CDF9354D30D48 /* Pods-CoinMarket.debug.xcconfig */ = {isa = PBXFileReference; includeInIndex = 1; lastKnownFileType = text.xcconfig; name = "Pods-CoinMarket.debug.xcconfig"; path = "Pods/Target Support Files/Pods-CoinMarket/Pods-CoinMarket.debug.xcconfig"; sourceTree = "<group>"; };
		75429828DB9653285C8240A7 /* Pods-CoinMarket.release.xcconfig */ = {isa = PBXFileReference; includeInIndex = 1; lastKnownFileType = text.xcconfig; name = "Pods-CoinMarket.release.xcconfig"; path = "Pods/Target Support Files/Pods-CoinMarket/Pods-CoinMarket.release.xcconfig"; sourceTree = "<group>"; };
		76612E141FD835D8002D1D8E /* CoinMarket.app */ = {isa = PBXFileReference; explicitFileType = wrapper.application; includeInIndex = 0; path = CoinMarket.app; sourceTree = BUILT_PRODUCTS_DIR; };
		76612E171FD835D8002D1D8E /* AppDelegate.swift */ = {isa = PBXFileReference; lastKnownFileType = sourcecode.swift; path = AppDelegate.swift; sourceTree = "<group>"; };
		76612E191FD835D8002D1D8E /* ViewController.swift */ = {isa = PBXFileReference; lastKnownFileType = sourcecode.swift; path = ViewController.swift; sourceTree = "<group>"; };
		76612E1C1FD835D8002D1D8E /* Base */ = {isa = PBXFileReference; lastKnownFileType = file.storyboard; name = Base; path = Base.lproj/Main.storyboard; sourceTree = "<group>"; };
		76612E1F1FD835D8002D1D8E /* CoinMarket.xcdatamodel */ = {isa = PBXFileReference; lastKnownFileType = wrapper.xcdatamodel; path = CoinMarket.xcdatamodel; sourceTree = "<group>"; };
		76612E211FD835D8002D1D8E /* Assets.xcassets */ = {isa = PBXFileReference; lastKnownFileType = folder.assetcatalog; path = Assets.xcassets; sourceTree = "<group>"; };
		76612E241FD835D8002D1D8E /* Base */ = {isa = PBXFileReference; lastKnownFileType = file.storyboard; name = Base; path = Base.lproj/LaunchScreen.storyboard; sourceTree = "<group>"; };
		76612E261FD835D8002D1D8E /* Info.plist */ = {isa = PBXFileReference; lastKnownFileType = text.plist.xml; path = Info.plist; sourceTree = "<group>"; };
		76612E311FD945B7002D1D8E /* HttpRequester.swift */ = {isa = PBXFileReference; lastKnownFileType = sourcecode.swift; path = HttpRequester.swift; sourceTree = "<group>"; };
		76612E321FD9484B002D1D8E /* MainViewController.swift */ = {isa = PBXFileReference; lastKnownFileType = sourcecode.swift; path = MainViewController.swift; sourceTree = "<group>"; };
		76612E351FD94891002D1D8E /* Constants.swift */ = {isa = PBXFileReference; lastKnownFileType = sourcecode.swift; path = Constants.swift; sourceTree = "<group>"; };
		76612E381FD94A72002D1D8E /* CurrencyModel.swift */ = {isa = PBXFileReference; lastKnownFileType = sourcecode.swift; path = CurrencyModel.swift; sourceTree = "<group>"; };
		76612E3A1FD95405002D1D8E /* CurrencyTableViewCell.swift */ = {isa = PBXFileReference; lastKnownFileType = sourcecode.swift; path = CurrencyTableViewCell.swift; sourceTree = "<group>"; };
		76612E3B1FD95405002D1D8E /* CurrencyTableViewCell.xib */ = {isa = PBXFileReference; lastKnownFileType = file.xib; path = CurrencyTableViewCell.xib; sourceTree = "<group>"; };
		76612E3E1FD9575B002D1D8E /* AddToFavouritesButton.swift */ = {isa = PBXFileReference; lastKnownFileType = sourcecode.swift; path = AddToFavouritesButton.swift; sourceTree = "<group>"; };
		76612E411FD95C73002D1D8E /* UIViewControllerExtension.swift */ = {isa = PBXFileReference; lastKnownFileType = sourcecode.swift; path = UIViewControllerExtension.swift; sourceTree = "<group>"; };
		76612E441FD95D41002D1D8E /* CurrencyService.swift */ = {isa = PBXFileReference; lastKnownFileType = sourcecode.swift; path = CurrencyService.swift; sourceTree = "<group>"; };
		766F037A1FDB2F6300C87206 /* CoreDataService.swift */ = {isa = PBXFileReference; lastKnownFileType = sourcecode.swift; path = CoreDataService.swift; sourceTree = "<group>"; };
		766F037C1FDB5E9B00C87206 /* FavouritesViewController.swift */ = {isa = PBXFileReference; lastKnownFileType = sourcecode.swift; path = FavouritesViewController.swift; sourceTree = "<group>"; };
		766F037E1FDB605900C87206 /* FavouritesTableViewCell.swift */ = {isa = PBXFileReference; lastKnownFileType = sourcecode.swift; path = FavouritesTableViewCell.swift; sourceTree = "<group>"; };
		766F037F1FDB605900C87206 /* FavouritesTableViewCell.xib */ = {isa = PBXFileReference; lastKnownFileType = file.xib; path = FavouritesTableViewCell.xib; sourceTree = "<group>"; };
		766F03821FDD69F300C87206 /* AddQuantityForCurrencyViewController.swift */ = {isa = PBXFileReference; lastKnownFileType = sourcecode.swift; path = AddQuantityForCurrencyViewController.swift; sourceTree = "<group>"; };
		93A85DE5EDF9934961A89004 /* Pods_CoinMarket.framework */ = {isa = PBXFileReference; explicitFileType = wrapper.framework; includeInIndex = 0; path = Pods_CoinMarket.framework; sourceTree = BUILT_PRODUCTS_DIR; };
/* End PBXFileReference section */

/* Begin PBXFrameworksBuildPhase section */
		76612E111FD835D8002D1D8E /* Frameworks */ = {
			isa = PBXFrameworksBuildPhase;
			buildActionMask = 2147483647;
			files = (
				3FB87274BC45E68D40FA1E2B /* Pods_CoinMarket.framework in Frameworks */,
			);
			runOnlyForDeploymentPostprocessing = 0;
		};
/* End PBXFrameworksBuildPhase section */

/* Begin PBXGroup section */
		76612E0B1FD835D8002D1D8E = {
			isa = PBXGroup;
			children = (
				76612E161FD835D8002D1D8E /* CoinMarket */,
				76612E151FD835D8002D1D8E /* Products */,
				92EE15357FE52FC4A993636C /* Pods */,
				F082F5AC145126C2E933B853 /* Frameworks */,
			);
			sourceTree = "<group>";
		};
		76612E151FD835D8002D1D8E /* Products */ = {
			isa = PBXGroup;
			children = (
				76612E141FD835D8002D1D8E /* CoinMarket.app */,
			);
			name = Products;
			sourceTree = "<group>";
		};
		76612E161FD835D8002D1D8E /* CoinMarket */ = {
			isa = PBXGroup;
			children = (
				76612E431FD95D2D002D1D8E /* Services */,
				76612E401FD95C52002D1D8E /* Extensions */,
				76612E341FD94875002D1D8E /* Utils */,
				76612E301FD9459E002D1D8E /* Models */,
				76612E2F1FD94598002D1D8E /* Views */,
				76612E2E1FD94591002D1D8E /* ViewControllers */,
				76612E2C1FD9457A002D1D8E /* Http */,
				76612E171FD835D8002D1D8E /* AppDelegate.swift */,
				76612E191FD835D8002D1D8E /* ViewController.swift */,
				76612E1B1FD835D8002D1D8E /* Main.storyboard */,
				76612E211FD835D8002D1D8E /* Assets.xcassets */,
				76612E231FD835D8002D1D8E /* LaunchScreen.storyboard */,
				76612E261FD835D8002D1D8E /* Info.plist */,
				76612E1E1FD835D8002D1D8E /* CoinMarket.xcdatamodeld */,
			);
			path = CoinMarket;
			sourceTree = "<group>";
		};
		76612E2C1FD9457A002D1D8E /* Http */ = {
			isa = PBXGroup;
			children = (
				76612E311FD945B7002D1D8E /* HttpRequester.swift */,
			);
			path = Http;
			sourceTree = "<group>";
		};
		76612E2E1FD94591002D1D8E /* ViewControllers */ = {
			isa = PBXGroup;
			children = (
				76612E321FD9484B002D1D8E /* MainViewController.swift */,
				766F037C1FDB5E9B00C87206 /* FavouritesViewController.swift */,
				766F03821FDD69F300C87206 /* AddQuantityForCurrencyViewController.swift */,
			);
			path = ViewControllers;
			sourceTree = "<group>";
		};
		76612E2F1FD94598002D1D8E /* Views */ = {
			isa = PBXGroup;
			children = (
				76612E3A1FD95405002D1D8E /* CurrencyTableViewCell.swift */,
				76612E3B1FD95405002D1D8E /* CurrencyTableViewCell.xib */,
				76612E3E1FD9575B002D1D8E /* AddToFavouritesButton.swift */,
				766F037E1FDB605900C87206 /* FavouritesTableViewCell.swift */,
				766F037F1FDB605900C87206 /* FavouritesTableViewCell.xib */,
			);
			path = Views;
			sourceTree = "<group>";
		};
		76612E301FD9459E002D1D8E /* Models */ = {
			isa = PBXGroup;
			children = (
				76612E381FD94A72002D1D8E /* CurrencyModel.swift */,
			);
			path = Models;
			sourceTree = "<group>";
		};
		76612E341FD94875002D1D8E /* Utils */ = {
			isa = PBXGroup;
			children = (
				76612E351FD94891002D1D8E /* Constants.swift */,
			);
			path = Utils;
			sourceTree = "<group>";
		};
		76612E401FD95C52002D1D8E /* Extensions */ = {
			isa = PBXGroup;
			children = (
				76612E411FD95C73002D1D8E /* UIViewControllerExtension.swift */,
			);
			path = Extensions;
			sourceTree = "<group>";
		};
		76612E431FD95D2D002D1D8E /* Services */ = {
			isa = PBXGroup;
			children = (
				76612E441FD95D41002D1D8E /* CurrencyService.swift */,
				766F037A1FDB2F6300C87206 /* CoreDataService.swift */,
			);
			path = Services;
			sourceTree = "<group>";
		};
		92EE15357FE52FC4A993636C /* Pods */ = {
			isa = PBXGroup;
			children = (
				3D7C544D9F6CDF9354D30D48 /* Pods-CoinMarket.debug.xcconfig */,
				75429828DB9653285C8240A7 /* Pods-CoinMarket.release.xcconfig */,
			);
			name = Pods;
			sourceTree = "<group>";
		};
		F082F5AC145126C2E933B853 /* Frameworks */ = {
			isa = PBXGroup;
			children = (
				93A85DE5EDF9934961A89004 /* Pods_CoinMarket.framework */,
			);
			name = Frameworks;
			sourceTree = "<group>";
		};
/* End PBXGroup section */

/* Begin PBXNativeTarget section */
		76612E131FD835D8002D1D8E /* CoinMarket */ = {
			isa = PBXNativeTarget;
			buildConfigurationList = 76612E291FD835D8002D1D8E /* Build configuration list for PBXNativeTarget "CoinMarket" */;
			buildPhases = (
				C26B8551F57499F5EBFF705B /* [CP] Check Pods Manifest.lock */,
				76612E101FD835D8002D1D8E /* Sources */,
				76612E111FD835D8002D1D8E /* Frameworks */,
				76612E121FD835D8002D1D8E /* Resources */,
				B0342C4B2F942B4F4EB23C1A /* [CP] Embed Pods Frameworks */,
				DC189A1B0A6E33EE97572125 /* [CP] Copy Pods Resources */,
			);
			buildRules = (
			);
			dependencies = (
			);
			name = CoinMarket;
			productName = CoinMarket;
			productReference = 76612E141FD835D8002D1D8E /* CoinMarket.app */;
			productType = "com.apple.product-type.application";
		};
/* End PBXNativeTarget section */

/* Begin PBXProject section */
		76612E0C1FD835D8002D1D8E /* Project object */ = {
			isa = PBXProject;
			attributes = {
				LastSwiftUpdateCheck = 0900;
				LastUpgradeCheck = 0900;
				ORGANIZATIONNAME = "Hristina Bailova";
				TargetAttributes = {
					76612E131FD835D8002D1D8E = {
						CreatedOnToolsVersion = 9.0;
						ProvisioningStyle = Automatic;
					};
				};
			};
			buildConfigurationList = 76612E0F1FD835D8002D1D8E /* Build configuration list for PBXProject "CoinMarket" */;
			compatibilityVersion = "Xcode 8.0";
			developmentRegion = en;
			hasScannedForEncodings = 0;
			knownRegions = (
				en,
				Base,
			);
			mainGroup = 76612E0B1FD835D8002D1D8E;
			productRefGroup = 76612E151FD835D8002D1D8E /* Products */;
			projectDirPath = "";
			projectRoot = "";
			targets = (
				76612E131FD835D8002D1D8E /* CoinMarket */,
			);
		};
/* End PBXProject section */

/* Begin PBXResourcesBuildPhase section */
		76612E121FD835D8002D1D8E /* Resources */ = {
			isa = PBXResourcesBuildPhase;
			buildActionMask = 2147483647;
			files = (
				766F03811FDB605900C87206 /* FavouritesTableViewCell.xib in Resources */,
				76612E3D1FD95405002D1D8E /* CurrencyTableViewCell.xib in Resources */,
				76612E251FD835D8002D1D8E /* LaunchScreen.storyboard in Resources */,
				76612E221FD835D8002D1D8E /* Assets.xcassets in Resources */,
				76612E1D1FD835D8002D1D8E /* Main.storyboard in Resources */,
			);
			runOnlyForDeploymentPostprocessing = 0;
		};
/* End PBXResourcesBuildPhase section */

/* Begin PBXShellScriptBuildPhase section */
		B0342C4B2F942B4F4EB23C1A /* [CP] Embed Pods Frameworks */ = {
			isa = PBXShellScriptBuildPhase;
			buildActionMask = 2147483647;
			files = (
			);
			inputPaths = (
				"${SRCROOT}/Pods/Target Support Files/Pods-CoinMarket/Pods-CoinMarket-frameworks.sh",
				"${BUILT_PRODUCTS_DIR}/Presentr/Presentr.framework",
			);
			name = "[CP] Embed Pods Frameworks";
			outputPaths = (
				"${TARGET_BUILD_DIR}/${FRAMEWORKS_FOLDER_PATH}/Presentr.framework",
			);
			runOnlyForDeploymentPostprocessing = 0;
			shellPath = /bin/sh;
			shellScript = "\"${SRCROOT}/Pods/Target Support Files/Pods-CoinMarket/Pods-CoinMarket-frameworks.sh\"\n";
			showEnvVarsInLog = 0;
		};
		C26B8551F57499F5EBFF705B /* [CP] Check Pods Manifest.lock */ = {
			isa = PBXShellScriptBuildPhase;
			buildActionMask = 2147483647;
			files = (
			);
			inputPaths = (
				"${PODS_PODFILE_DIR_PATH}/Podfile.lock",
				"${PODS_ROOT}/Manifest.lock",
			);
			name = "[CP] Check Pods Manifest.lock";
			outputPaths = (
				"$(DERIVED_FILE_DIR)/Pods-CoinMarket-checkManifestLockResult.txt",
			);
			runOnlyForDeploymentPostprocessing = 0;
			shellPath = /bin/sh;
			shellScript = "diff \"${PODS_PODFILE_DIR_PATH}/Podfile.lock\" \"${PODS_ROOT}/Manifest.lock\" > /dev/null\nif [ $? != 0 ] ; then\n    # print error to STDERR\n    echo \"error: The sandbox is not in sync with the Podfile.lock. Run 'pod install' or update your CocoaPods installation.\" >&2\n    exit 1\nfi\n# This output is used by Xcode 'outputs' to avoid re-running this script phase.\necho \"SUCCESS\" > \"${SCRIPT_OUTPUT_FILE_0}\"\n";
			showEnvVarsInLog = 0;
		};
		DC189A1B0A6E33EE97572125 /* [CP] Copy Pods Resources */ = {
			isa = PBXShellScriptBuildPhase;
			buildActionMask = 2147483647;
			files = (
			);
			inputPaths = (
			);
			name = "[CP] Copy Pods Resources";
			outputPaths = (
			);
			runOnlyForDeploymentPostprocessing = 0;
			shellPath = /bin/sh;
			shellScript = "\"${SRCROOT}/Pods/Target Support Files/Pods-CoinMarket/Pods-CoinMarket-resources.sh\"\n";
			showEnvVarsInLog = 0;
		};
/* End PBXShellScriptBuildPhase section */

/* Begin PBXSourcesBuildPhase section */
		76612E101FD835D8002D1D8E /* Sources */ = {
			isa = PBXSourcesBuildPhase;
			buildActionMask = 2147483647;
			files = (
				76612E391FD94A72002D1D8E /* CurrencyModel.swift in Sources */,
				76612E361FD94891002D1D8E /* Constants.swift in Sources */,
				76612E421FD95C91002D1D8E /* UIViewControllerExtension.swift in Sources */,
				766F03831FDD69F300C87206 /* AddQuantityForCurrencyViewController.swift in Sources */,
				76612E1A1FD835D8002D1D8E /* ViewController.swift in Sources */,
				766F037D1FDB5E9B00C87206 /* FavouritesViewController.swift in Sources */,
				766F037B1FDB2F6300C87206 /* CoreDataService.swift in Sources */,
				76612E201FD835D8002D1D8E /* CoinMarket.xcdatamodeld in Sources */,
				766F03801FDB605900C87206 /* FavouritesTableViewCell.swift in Sources */,
				76612E451FD95D41002D1D8E /* CurrencyService.swift in Sources */,
				76612E3C1FD95405002D1D8E /* CurrencyTableViewCell.swift in Sources */,
				76612E181FD835D8002D1D8E /* AppDelegate.swift in Sources */,
				76612E371FD948FC002D1D8E /* HttpRequester.swift in Sources */,
				76612E331FD9484B002D1D8E /* MainViewController.swift in Sources */,
				76612E3F1FD9575B002D1D8E /* AddToFavouritesButton.swift in Sources */,
			);
			runOnlyForDeploymentPostprocessing = 0;
		};
/* End PBXSourcesBuildPhase section */

/* Begin PBXVariantGroup section */
		76612E1B1FD835D8002D1D8E /* Main.storyboard */ = {
			isa = PBXVariantGroup;
			children = (
				76612E1C1FD835D8002D1D8E /* Base */,
			);
			name = Main.storyboard;
			sourceTree = "<group>";
		};
		76612E231FD835D8002D1D8E /* LaunchScreen.storyboard */ = {
			isa = PBXVariantGroup;
			children = (
				76612E241FD835D8002D1D8E /* Base */,
			);
			name = LaunchScreen.storyboard;
			sourceTree = "<group>";
		};
/* End PBXVariantGroup section */

/* Begin XCBuildConfiguration section */
		76612E271FD835D8002D1D8E /* Debug */ = {
			isa = XCBuildConfiguration;
			buildSettings = {
				ALWAYS_SEARCH_USER_PATHS = NO;
				CLANG_ANALYZER_NONNULL = YES;
				CLANG_ANALYZER_NUMBER_OBJECT_CONVERSION = YES_AGGRESSIVE;
				CLANG_CXX_LANGUAGE_STANDARD = "gnu++14";
				CLANG_CXX_LIBRARY = "libc++";
				CLANG_ENABLE_MODULES = YES;
				CLANG_ENABLE_OBJC_ARC = YES;
				CLANG_WARN_BLOCK_CAPTURE_AUTORELEASING = YES;
				CLANG_WARN_BOOL_CONVERSION = YES;
				CLANG_WARN_COMMA = YES;
				CLANG_WARN_CONSTANT_CONVERSION = YES;
				CLANG_WARN_DIRECT_OBJC_ISA_USAGE = YES_ERROR;
				CLANG_WARN_DOCUMENTATION_COMMENTS = YES;
				CLANG_WARN_EMPTY_BODY = YES;
				CLANG_WARN_ENUM_CONVERSION = YES;
				CLANG_WARN_INFINITE_RECURSION = YES;
				CLANG_WARN_INT_CONVERSION = YES;
				CLANG_WARN_NON_LITERAL_NULL_CONVERSION = YES;
				CLANG_WARN_OBJC_LITERAL_CONVERSION = YES;
				CLANG_WARN_OBJC_ROOT_CLASS = YES_ERROR;
				CLANG_WARN_RANGE_LOOP_ANALYSIS = YES;
				CLANG_WARN_STRICT_PROTOTYPES = YES;
				CLANG_WARN_SUSPICIOUS_MOVE = YES;
				CLANG_WARN_UNGUARDED_AVAILABILITY = YES_AGGRESSIVE;
				CLANG_WARN_UNREACHABLE_CODE = YES;
				CLANG_WARN__DUPLICATE_METHOD_MATCH = YES;
				CODE_SIGN_IDENTITY = "iPhone Developer";
				COPY_PHASE_STRIP = NO;
				DEBUG_INFORMATION_FORMAT = dwarf;
				ENABLE_STRICT_OBJC_MSGSEND = YES;
				ENABLE_TESTABILITY = YES;
				GCC_C_LANGUAGE_STANDARD = gnu11;
				GCC_DYNAMIC_NO_PIC = NO;
				GCC_NO_COMMON_BLOCKS = YES;
				GCC_OPTIMIZATION_LEVEL = 0;
				GCC_PREPROCESSOR_DEFINITIONS = (
					"DEBUG=1",
					"$(inherited)",
				);
				GCC_WARN_64_TO_32_BIT_CONVERSION = YES;
				GCC_WARN_ABOUT_RETURN_TYPE = YES_ERROR;
				GCC_WARN_UNDECLARED_SELECTOR = YES;
				GCC_WARN_UNINITIALIZED_AUTOS = YES_AGGRESSIVE;
				GCC_WARN_UNUSED_FUNCTION = YES;
				GCC_WARN_UNUSED_VARIABLE = YES;
				IPHONEOS_DEPLOYMENT_TARGET = 11.0;
				MTL_ENABLE_DEBUG_INFO = YES;
				ONLY_ACTIVE_ARCH = YES;
				SDKROOT = iphoneos;
				SWIFT_ACTIVE_COMPILATION_CONDITIONS = DEBUG;
				SWIFT_OPTIMIZATION_LEVEL = "-Onone";
			};
			name = Debug;
		};
		76612E281FD835D8002D1D8E /* Release */ = {
			isa = XCBuildConfiguration;
			buildSettings = {
				ALWAYS_SEARCH_USER_PATHS = NO;
				CLANG_ANALYZER_NONNULL = YES;
				CLANG_ANALYZER_NUMBER_OBJECT_CONVERSION = YES_AGGRESSIVE;
				CLANG_CXX_LANGUAGE_STANDARD = "gnu++14";
				CLANG_CXX_LIBRARY = "libc++";
				CLANG_ENABLE_MODULES = YES;
				CLANG_ENABLE_OBJC_ARC = YES;
				CLANG_WARN_BLOCK_CAPTURE_AUTORELEASING = YES;
				CLANG_WARN_BOOL_CONVERSION = YES;
				CLANG_WARN_COMMA = YES;
				CLANG_WARN_CONSTANT_CONVERSION = YES;
				CLANG_WARN_DIRECT_OBJC_ISA_USAGE = YES_ERROR;
				CLANG_WARN_DOCUMENTATION_COMMENTS = YES;
				CLANG_WARN_EMPTY_BODY = YES;
				CLANG_WARN_ENUM_CONVERSION = YES;
				CLANG_WARN_INFINITE_RECURSION = YES;
				CLANG_WARN_INT_CONVERSION = YES;
				CLANG_WARN_NON_LITERAL_NULL_CONVERSION = YES;
				CLANG_WARN_OBJC_LITERAL_CONVERSION = YES;
				CLANG_WARN_OBJC_ROOT_CLASS = YES_ERROR;
				CLANG_WARN_RANGE_LOOP_ANALYSIS = YES;
				CLANG_WARN_STRICT_PROTOTYPES = YES;
				CLANG_WARN_SUSPICIOUS_MOVE = YES;
				CLANG_WARN_UNGUARDED_AVAILABILITY = YES_AGGRESSIVE;
				CLANG_WARN_UNREACHABLE_CODE = YES;
				CLANG_WARN__DUPLICATE_METHOD_MATCH = YES;
				CODE_SIGN_IDENTITY = "iPhone Developer";
				COPY_PHASE_STRIP = NO;
				DEBUG_INFORMATION_FORMAT = "dwarf-with-dsym";
				ENABLE_NS_ASSERTIONS = NO;
				ENABLE_STRICT_OBJC_MSGSEND = YES;
				GCC_C_LANGUAGE_STANDARD = gnu11;
				GCC_NO_COMMON_BLOCKS = YES;
				GCC_WARN_64_TO_32_BIT_CONVERSION = YES;
				GCC_WARN_ABOUT_RETURN_TYPE = YES_ERROR;
				GCC_WARN_UNDECLARED_SELECTOR = YES;
				GCC_WARN_UNINITIALIZED_AUTOS = YES_AGGRESSIVE;
				GCC_WARN_UNUSED_FUNCTION = YES;
				GCC_WARN_UNUSED_VARIABLE = YES;
				IPHONEOS_DEPLOYMENT_TARGET = 11.0;
				MTL_ENABLE_DEBUG_INFO = NO;
				SDKROOT = iphoneos;
				SWIFT_OPTIMIZATION_LEVEL = "-Owholemodule";
				VALIDATE_PRODUCT = YES;
			};
			name = Release;
		};
		76612E2A1FD835D8002D1D8E /* Debug */ = {
			isa = XCBuildConfiguration;
			baseConfigurationReference = 3D7C544D9F6CDF9354D30D48 /* Pods-CoinMarket.debug.xcconfig */;
			buildSettings = {
				ASSETCATALOG_COMPILER_APPICON_NAME = AppIcon;
				CODE_SIGN_STYLE = Automatic;
				DEVELOPMENT_TEAM = GLVD39J3X8;
				INFOPLIST_FILE = CoinMarket/Info.plist;
				LD_RUNPATH_SEARCH_PATHS = "$(inherited) @executable_path/Frameworks";
				PRODUCT_BUNDLE_IDENTIFIER = HB.CoinMarket;
				PRODUCT_NAME = "$(TARGET_NAME)";
				SWIFT_VERSION = 4.0;
				TARGETED_DEVICE_FAMILY = "1,2";
			};
			name = Debug;
		};
		76612E2B1FD835D8002D1D8E /* Release */ = {
			isa = XCBuildConfiguration;
			baseConfigurationReference = 75429828DB9653285C8240A7 /* Pods-CoinMarket.release.xcconfig */;
			buildSettings = {
				ASSETCATALOG_COMPILER_APPICON_NAME = AppIcon;
				CODE_SIGN_STYLE = Automatic;
				DEVELOPMENT_TEAM = GLVD39J3X8;
				INFOPLIST_FILE = CoinMarket/Info.plist;
				LD_RUNPATH_SEARCH_PATHS = "$(inherited) @executable_path/Frameworks";
				PRODUCT_BUNDLE_IDENTIFIER = HB.CoinMarket;
				PRODUCT_NAME = "$(TARGET_NAME)";
				SWIFT_VERSION = 4.0;
				TARGETED_DEVICE_FAMILY = "1,2";
			};
			name = Release;
		};
/* End XCBuildConfiguration section */

/* Begin XCConfigurationList section */
		76612E0F1FD835D8002D1D8E /* Build configuration list for PBXProject "CoinMarket" */ = {
			isa = XCConfigurationList;
			buildConfigurations = (
				76612E271FD835D8002D1D8E /* Debug */,
				76612E281FD835D8002D1D8E /* Release */,
			);
			defaultConfigurationIsVisible = 0;
			defaultConfigurationName = Release;
		};
		76612E291FD835D8002D1D8E /* Build configuration list for PBXNativeTarget "CoinMarket" */ = {
			isa = XCConfigurationList;
			buildConfigurations = (
				76612E2A1FD835D8002D1D8E /* Debug */,
				76612E2B1FD835D8002D1D8E /* Release */,
			);
			defaultConfigurationIsVisible = 0;
			defaultConfigurationName = Release;
		};
/* End XCConfigurationList section */

/* Begin XCVersionGroup section */
		76612E1E1FD835D8002D1D8E /* CoinMarket.xcdatamodeld */ = {
			isa = XCVersionGroup;
			children = (
				76612E1F1FD835D8002D1D8E /* CoinMarket.xcdatamodel */,
			);
			currentVersion = 76612E1F1FD835D8002D1D8E /* CoinMarket.xcdatamodel */;
			path = CoinMarket.xcdatamodeld;
			sourceTree = "<group>";
			versionGroupType = wrapper.xcdatamodel;
		};
/* End XCVersionGroup section */
	};
	rootObject = 76612E0C1FD835D8002D1D8E /* Project object */;
}
